// !$*UTF8*$!
{
	archiveVersion = 1;
	classes = {
	};
	objectVersion = 55;
	objects = {

/* Begin PBXBuildFile section */
		8F48D216284B741F00ACB809 /* SprinkledApp.swift in Sources */ = {isa = PBXBuildFile; fileRef = 8F48D215284B741F00ACB809 /* SprinkledApp.swift */; };
		8F48D218284B741F00ACB809 /* SearchView.swift in Sources */ = {isa = PBXBuildFile; fileRef = 8F48D217284B741F00ACB809 /* SearchView.swift */; };
		8F48D21A284B742300ACB809 /* Assets.xcassets in Resources */ = {isa = PBXBuildFile; fileRef = 8F48D219284B742300ACB809 /* Assets.xcassets */; };
		8F48D21D284B742300ACB809 /* Preview Assets.xcassets in Resources */ = {isa = PBXBuildFile; fileRef = 8F48D21C284B742300ACB809 /* Preview Assets.xcassets */; };
		8F48D225284B8CBF00ACB809 /* FirebaseAnalytics in Frameworks */ = {isa = PBXBuildFile; productRef = 8F48D224284B8CBF00ACB809 /* FirebaseAnalytics */; };
		8F48D227284B8CBF00ACB809 /* FirebaseAuth in Frameworks */ = {isa = PBXBuildFile; productRef = 8F48D226284B8CBF00ACB809 /* FirebaseAuth */; };
		8F48D229284B8CBF00ACB809 /* FirebaseFirestore in Frameworks */ = {isa = PBXBuildFile; productRef = 8F48D228284B8CBF00ACB809 /* FirebaseFirestore */; };
		8F48D22B284B8E9800ACB809 /* AppDependency.swift in Sources */ = {isa = PBXBuildFile; fileRef = 8F48D22A284B8E9800ACB809 /* AppDependency.swift */; };
		8F48D234284B92C900ACB809 /* PlantRepository.swift in Sources */ = {isa = PBXBuildFile; fileRef = 8F48D233284B92C900ACB809 /* PlantRepository.swift */; };
		8F48D236284B954700ACB809 /* Plant.swift in Sources */ = {isa = PBXBuildFile; fileRef = 8F48D235284B954700ACB809 /* Plant.swift */; };
		8F48D238284B9B9700ACB809 /* SearchViewModel.swift in Sources */ = {isa = PBXBuildFile; fileRef = 8F48D237284B9B9700ACB809 /* SearchViewModel.swift */; };
		8F48D23B284BA5C500ACB809 /* FirebaseFirestoreSwift in Frameworks */ = {isa = PBXBuildFile; productRef = 8F48D23A284BA5C500ACB809 /* FirebaseFirestoreSwift */; };
		8F48D23D284BAAA200ACB809 /* GoogleService-Info.plist in Resources */ = {isa = PBXBuildFile; fileRef = 8F48D23C284BAAA200ACB809 /* GoogleService-Info.plist */; };
/* End PBXBuildFile section */

/* Begin PBXFileReference section */
		8F48D212284B741F00ACB809 /* Sprinkled.app */ = {isa = PBXFileReference; explicitFileType = wrapper.application; includeInIndex = 0; path = Sprinkled.app; sourceTree = BUILT_PRODUCTS_DIR; };
		8F48D215284B741F00ACB809 /* SprinkledApp.swift */ = {isa = PBXFileReference; lastKnownFileType = sourcecode.swift; path = SprinkledApp.swift; sourceTree = "<group>"; };
		8F48D217284B741F00ACB809 /* SearchView.swift */ = {isa = PBXFileReference; lastKnownFileType = sourcecode.swift; path = SearchView.swift; sourceTree = "<group>"; };
		8F48D219284B742300ACB809 /* Assets.xcassets */ = {isa = PBXFileReference; lastKnownFileType = folder.assetcatalog; path = Assets.xcassets; sourceTree = "<group>"; };
		8F48D21C284B742300ACB809 /* Preview Assets.xcassets */ = {isa = PBXFileReference; lastKnownFileType = folder.assetcatalog; path = "Preview Assets.xcassets"; sourceTree = "<group>"; };
		8F48D22A284B8E9800ACB809 /* AppDependency.swift */ = {isa = PBXFileReference; lastKnownFileType = sourcecode.swift; path = AppDependency.swift; sourceTree = "<group>"; };
		8F48D233284B92C900ACB809 /* PlantRepository.swift */ = {isa = PBXFileReference; lastKnownFileType = sourcecode.swift; path = PlantRepository.swift; sourceTree = "<group>"; };
		8F48D235284B954700ACB809 /* Plant.swift */ = {isa = PBXFileReference; lastKnownFileType = sourcecode.swift; path = Plant.swift; sourceTree = "<group>"; };
		8F48D237284B9B9700ACB809 /* SearchViewModel.swift */ = {isa = PBXFileReference; lastKnownFileType = sourcecode.swift; path = SearchViewModel.swift; sourceTree = "<group>"; };
		8F48D23C284BAAA200ACB809 /* GoogleService-Info.plist */ = {isa = PBXFileReference; fileEncoding = 4; lastKnownFileType = text.plist.xml; path = "GoogleService-Info.plist"; sourceTree = "<group>"; };
/* End PBXFileReference section */

/* Begin PBXFrameworksBuildPhase section */
		8F48D20F284B741E00ACB809 /* Frameworks */ = {
			isa = PBXFrameworksBuildPhase;
			buildActionMask = 2147483647;
			files = (
				8F48D225284B8CBF00ACB809 /* FirebaseAnalytics in Frameworks */,
				8F48D227284B8CBF00ACB809 /* FirebaseAuth in Frameworks */,
				8F48D229284B8CBF00ACB809 /* FirebaseFirestore in Frameworks */,
				8F48D23B284BA5C500ACB809 /* FirebaseFirestoreSwift in Frameworks */,
			);
			runOnlyForDeploymentPostprocessing = 0;
		};
/* End PBXFrameworksBuildPhase section */

/* Begin PBXGroup section */
		8F48D209284B741E00ACB809 = {
			isa = PBXGroup;
			children = (
				8F48D214284B741F00ACB809 /* Sprinkled */,
				8F48D213284B741F00ACB809 /* Products */,
			);
			sourceTree = "<group>";
		};
		8F48D213284B741F00ACB809 /* Products */ = {
			isa = PBXGroup;
			children = (
				8F48D212284B741F00ACB809 /* Sprinkled.app */,
			);
			name = Products;
			sourceTree = "<group>";
		};
		8F48D214284B741F00ACB809 /* Sprinkled */ = {
			isa = PBXGroup;
			children = (
				8F48D232284B92B500ACB809 /* Repository */,
				8F48D22D284B8F9A00ACB809 /* Model */,
				8F48D22E284B8FA100ACB809 /* ViewModel */,
				8F48D22C284B8F9400ACB809 /* View */,
				8F48D215284B741F00ACB809 /* SprinkledApp.swift */,
				8F48D22A284B8E9800ACB809 /* AppDependency.swift */,
				8F48D219284B742300ACB809 /* Assets.xcassets */,
				8F48D23C284BAAA200ACB809 /* GoogleService-Info.plist */,
				8F48D21B284B742300ACB809 /* Preview Content */,
			);
			path = Sprinkled;
			sourceTree = "<group>";
		};
		8F48D21B284B742300ACB809 /* Preview Content */ = {
			isa = PBXGroup;
			children = (
				8F48D21C284B742300ACB809 /* Preview Assets.xcassets */,
			);
			path = "Preview Content";
			sourceTree = "<group>";
		};
		8F48D22C284B8F9400ACB809 /* View */ = {
			isa = PBXGroup;
			children = (
				8F48D217284B741F00ACB809 /* SearchView.swift */,
			);
			path = View;
			sourceTree = "<group>";
		};
		8F48D22D284B8F9A00ACB809 /* Model */ = {
			isa = PBXGroup;
			children = (
				8F48D235284B954700ACB809 /* Plant.swift */,
			);
			path = Model;
			sourceTree = "<group>";
		};
		8F48D22E284B8FA100ACB809 /* ViewModel */ = {
			isa = PBXGroup;
			children = (
				8F48D237284B9B9700ACB809 /* SearchViewModel.swift */,
			);
			path = ViewModel;
			sourceTree = "<group>";
		};
		8F48D232284B92B500ACB809 /* Repository */ = {
			isa = PBXGroup;
			children = (
				8F48D233284B92C900ACB809 /* PlantRepository.swift */,
			);
			path = Repository;
			sourceTree = "<group>";
		};
/* End PBXGroup section */

/* Begin PBXNativeTarget section */
		8F48D211284B741E00ACB809 /* Sprinkled */ = {
			isa = PBXNativeTarget;
			buildConfigurationList = 8F48D220284B742300ACB809 /* Build configuration list for PBXNativeTarget "Sprinkled" */;
			buildPhases = (
				8F48D20E284B741E00ACB809 /* Sources */,
				8F48D20F284B741E00ACB809 /* Frameworks */,
				8F48D210284B741E00ACB809 /* Resources */,
			);
			buildRules = (
			);
			dependencies = (
			);
			name = Sprinkled;
			packageProductDependencies = (
				8F48D224284B8CBF00ACB809 /* FirebaseAnalytics */,
				8F48D226284B8CBF00ACB809 /* FirebaseAuth */,
				8F48D228284B8CBF00ACB809 /* FirebaseFirestore */,
				8F48D23A284BA5C500ACB809 /* FirebaseFirestoreSwift */,
			);
			productName = Sprinkled;
			productReference = 8F48D212284B741F00ACB809 /* Sprinkled.app */;
			productType = "com.apple.product-type.application";
		};
/* End PBXNativeTarget section */

/* Begin PBXProject section */
		8F48D20A284B741E00ACB809 /* Project object */ = {
			isa = PBXProject;
			attributes = {
				BuildIndependentTargetsInParallel = 1;
				LastSwiftUpdateCheck = 1340;
				LastUpgradeCheck = 1340;
				TargetAttributes = {
					8F48D211284B741E00ACB809 = {
						CreatedOnToolsVersion = 13.4.1;
					};
				};
			};
			buildConfigurationList = 8F48D20D284B741E00ACB809 /* Build configuration list for PBXProject "Sprinkled" */;
			compatibilityVersion = "Xcode 13.0";
			developmentRegion = en;
			hasScannedForEncodings = 0;
			knownRegions = (
				en,
				Base,
			);
			mainGroup = 8F48D209284B741E00ACB809;
			packageReferences = (
				8F48D223284B8CBF00ACB809 /* XCRemoteSwiftPackageReference "firebase-ios-sdk" */,
				8F48D239284BA5C500ACB809 /* XCRemoteSwiftPackageReference "firebase-ios-sdk" */,
			);
			productRefGroup = 8F48D213284B741F00ACB809 /* Products */;
			projectDirPath = "";
			projectRoot = "";
			targets = (
				8F48D211284B741E00ACB809 /* Sprinkled */,
			);
		};
/* End PBXProject section */

/* Begin PBXResourcesBuildPhase section */
		8F48D210284B741E00ACB809 /* Resources */ = {
			isa = PBXResourcesBuildPhase;
			buildActionMask = 2147483647;
			files = (
				8F48D21D284B742300ACB809 /* Preview Assets.xcassets in Resources */,
				8F48D21A284B742300ACB809 /* Assets.xcassets in Resources */,
				8F48D23D284BAAA200ACB809 /* GoogleService-Info.plist in Resources */,
			);
			runOnlyForDeploymentPostprocessing = 0;
		};
/* End PBXResourcesBuildPhase section */

/* Begin PBXSourcesBuildPhase section */
		8F48D20E284B741E00ACB809 /* Sources */ = {
			isa = PBXSourcesBuildPhase;
			buildActionMask = 2147483647;
			files = (
				8F48D238284B9B9700ACB809 /* SearchViewModel.swift in Sources */,
				8F48D22B284B8E9800ACB809 /* AppDependency.swift in Sources */,
				8F48D218284B741F00ACB809 /* SearchView.swift in Sources */,
				8F48D236284B954700ACB809 /* Plant.swift in Sources */,
				8F48D216284B741F00ACB809 /* SprinkledApp.swift in Sources */,
				8F48D234284B92C900ACB809 /* PlantRepository.swift in Sources */,
			);
			runOnlyForDeploymentPostprocessing = 0;
		};
/* End PBXSourcesBuildPhase section */

/* Begin XCBuildConfiguration section */
		8F48D21E284B742300ACB809 /* Debug */ = {
			isa = XCBuildConfiguration;
			buildSettings = {
				ALWAYS_SEARCH_USER_PATHS = NO;
				CLANG_ANALYZER_NONNULL = YES;
				CLANG_ANALYZER_NUMBER_OBJECT_CONVERSION = YES_AGGRESSIVE;
				CLANG_CXX_LANGUAGE_STANDARD = "gnu++17";
				CLANG_ENABLE_MODULES = YES;
				CLANG_ENABLE_OBJC_ARC = YES;
				CLANG_ENABLE_OBJC_WEAK = YES;
				CLANG_WARN_BLOCK_CAPTURE_AUTORELEASING = YES;
				CLANG_WARN_BOOL_CONVERSION = YES;
				CLANG_WARN_COMMA = YES;
				CLANG_WARN_CONSTANT_CONVERSION = YES;
				CLANG_WARN_DEPRECATED_OBJC_IMPLEMENTATIONS = YES;
				CLANG_WARN_DIRECT_OBJC_ISA_USAGE = YES_ERROR;
				CLANG_WARN_DOCUMENTATION_COMMENTS = YES;
				CLANG_WARN_EMPTY_BODY = YES;
				CLANG_WARN_ENUM_CONVERSION = YES;
				CLANG_WARN_INFINITE_RECURSION = YES;
				CLANG_WARN_INT_CONVERSION = YES;
				CLANG_WARN_NON_LITERAL_NULL_CONVERSION = YES;
				CLANG_WARN_OBJC_IMPLICIT_RETAIN_SELF = YES;
				CLANG_WARN_OBJC_LITERAL_CONVERSION = YES;
				CLANG_WARN_OBJC_ROOT_CLASS = YES_ERROR;
				CLANG_WARN_QUOTED_INCLUDE_IN_FRAMEWORK_HEADER = YES;
				CLANG_WARN_RANGE_LOOP_ANALYSIS = YES;
				CLANG_WARN_STRICT_PROTOTYPES = YES;
				CLANG_WARN_SUSPICIOUS_MOVE = YES;
				CLANG_WARN_UNGUARDED_AVAILABILITY = YES_AGGRESSIVE;
				CLANG_WARN_UNREACHABLE_CODE = YES;
				CLANG_WARN__DUPLICATE_METHOD_MATCH = YES;
				COPY_PHASE_STRIP = NO;
				DEBUG_INFORMATION_FORMAT = dwarf;
				ENABLE_STRICT_OBJC_MSGSEND = YES;
				ENABLE_TESTABILITY = YES;
				GCC_C_LANGUAGE_STANDARD = gnu11;
				GCC_DYNAMIC_NO_PIC = NO;
				GCC_NO_COMMON_BLOCKS = YES;
				GCC_OPTIMIZATION_LEVEL = 0;
				GCC_PREPROCESSOR_DEFINITIONS = (
					"DEBUG=1",
					"$(inherited)",
				);
				GCC_WARN_64_TO_32_BIT_CONVERSION = YES;
				GCC_WARN_ABOUT_RETURN_TYPE = YES_ERROR;
				GCC_WARN_UNDECLARED_SELECTOR = YES;
				GCC_WARN_UNINITIALIZED_AUTOS = YES_AGGRESSIVE;
				GCC_WARN_UNUSED_FUNCTION = YES;
				GCC_WARN_UNUSED_VARIABLE = YES;
				IPHONEOS_DEPLOYMENT_TARGET = 15.0;
				MTL_ENABLE_DEBUG_INFO = INCLUDE_SOURCE;
				MTL_FAST_MATH = YES;
				ONLY_ACTIVE_ARCH = YES;
				SDKROOT = iphoneos;
				SWIFT_ACTIVE_COMPILATION_CONDITIONS = DEBUG;
				SWIFT_OPTIMIZATION_LEVEL = "-Onone";
			};
			name = Debug;
		};
		8F48D21F284B742300ACB809 /* Release */ = {
			isa = XCBuildConfiguration;
			buildSettings = {
				ALWAYS_SEARCH_USER_PATHS = NO;
				CLANG_ANALYZER_NONNULL = YES;
				CLANG_ANALYZER_NUMBER_OBJECT_CONVERSION = YES_AGGRESSIVE;
				CLANG_CXX_LANGUAGE_STANDARD = "gnu++17";
				CLANG_ENABLE_MODULES = YES;
				CLANG_ENABLE_OBJC_ARC = YES;
				CLANG_ENABLE_OBJC_WEAK = YES;
				CLANG_WARN_BLOCK_CAPTURE_AUTORELEASING = YES;
				CLANG_WARN_BOOL_CONVERSION = YES;
				CLANG_WARN_COMMA = YES;
				CLANG_WARN_CONSTANT_CONVERSION = YES;
				CLANG_WARN_DEPRECATED_OBJC_IMPLEMENTATIONS = YES;
				CLANG_WARN_DIRECT_OBJC_ISA_USAGE = YES_ERROR;
				CLANG_WARN_DOCUMENTATION_COMMENTS = YES;
				CLANG_WARN_EMPTY_BODY = YES;
				CLANG_WARN_ENUM_CONVERSION = YES;
				CLANG_WARN_INFINITE_RECURSION = YES;
				CLANG_WARN_INT_CONVERSION = YES;
				CLANG_WARN_NON_LITERAL_NULL_CONVERSION = YES;
				CLANG_WARN_OBJC_IMPLICIT_RETAIN_SELF = YES;
				CLANG_WARN_OBJC_LITERAL_CONVERSION = YES;
				CLANG_WARN_OBJC_ROOT_CLASS = YES_ERROR;
				CLANG_WARN_QUOTED_INCLUDE_IN_FRAMEWORK_HEADER = YES;
				CLANG_WARN_RANGE_LOOP_ANALYSIS = YES;
				CLANG_WARN_STRICT_PROTOTYPES = YES;
				CLANG_WARN_SUSPICIOUS_MOVE = YES;
				CLANG_WARN_UNGUARDED_AVAILABILITY = YES_AGGRESSIVE;
				CLANG_WARN_UNREACHABLE_CODE = YES;
				CLANG_WARN__DUPLICATE_METHOD_MATCH = YES;
				COPY_PHASE_STRIP = NO;
				DEBUG_INFORMATION_FORMAT = "dwarf-with-dsym";
				ENABLE_NS_ASSERTIONS = NO;
				ENABLE_STRICT_OBJC_MSGSEND = YES;
				GCC_C_LANGUAGE_STANDARD = gnu11;
				GCC_NO_COMMON_BLOCKS = YES;
				GCC_WARN_64_TO_32_BIT_CONVERSION = YES;
				GCC_WARN_ABOUT_RETURN_TYPE = YES_ERROR;
				GCC_WARN_UNDECLARED_SELECTOR = YES;
				GCC_WARN_UNINITIALIZED_AUTOS = YES_AGGRESSIVE;
				GCC_WARN_UNUSED_FUNCTION = YES;
				GCC_WARN_UNUSED_VARIABLE = YES;
				IPHONEOS_DEPLOYMENT_TARGET = 15.0;
				MTL_ENABLE_DEBUG_INFO = NO;
				MTL_FAST_MATH = YES;
				SDKROOT = iphoneos;
				SWIFT_COMPILATION_MODE = wholemodule;
				SWIFT_OPTIMIZATION_LEVEL = "-O";
				VALIDATE_PRODUCT = YES;
			};
			name = Release;
		};
		8F48D221284B742300ACB809 /* Debug */ = {
			isa = XCBuildConfiguration;
			buildSettings = {
				ASSETCATALOG_COMPILER_APPICON_NAME = AppIcon;
				ASSETCATALOG_COMPILER_GLOBAL_ACCENT_COLOR_NAME = AccentColor;
				CODE_SIGN_STYLE = Automatic;
				CURRENT_PROJECT_VERSION = 1;
				DEVELOPMENT_ASSET_PATHS = "\"Sprinkled/Preview Content\"";
				DEVELOPMENT_TEAM = LZFDNCMC92;
				ENABLE_PREVIEWS = YES;
				GENERATE_INFOPLIST_FILE = YES;
				INFOPLIST_KEY_UIApplicationSceneManifest_Generation = YES;
				INFOPLIST_KEY_UIApplicationSupportsIndirectInputEvents = YES;
				INFOPLIST_KEY_UILaunchScreen_Generation = YES;
				INFOPLIST_KEY_UISupportedInterfaceOrientations_iPad = "UIInterfaceOrientationPortrait UIInterfaceOrientationPortraitUpsideDown UIInterfaceOrientationLandscapeLeft UIInterfaceOrientationLandscapeRight";
				INFOPLIST_KEY_UISupportedInterfaceOrientations_iPhone = "UIInterfaceOrientationPortrait UIInterfaceOrientationLandscapeLeft UIInterfaceOrientationLandscapeRight";
				LD_RUNPATH_SEARCH_PATHS = (
					"$(inherited)",
					"@executable_path/Frameworks",
				);
				MARKETING_VERSION = 1.0;
				PRODUCT_BUNDLE_IDENTIFIER = cz.litvaluk.swift.ios.Sprinkled;
				PRODUCT_NAME = "$(TARGET_NAME)";
				SWIFT_EMIT_LOC_STRINGS = YES;
				SWIFT_VERSION = 5.0;
				TARGETED_DEVICE_FAMILY = "1,2";
			};
			name = Debug;
		};
		8F48D222284B742300ACB809 /* Release */ = {
			isa = XCBuildConfiguration;
			buildSettings = {
				ASSETCATALOG_COMPILER_APPICON_NAME = AppIcon;
				ASSETCATALOG_COMPILER_GLOBAL_ACCENT_COLOR_NAME = AccentColor;
				CODE_SIGN_STYLE = Automatic;
				CURRENT_PROJECT_VERSION = 1;
				DEVELOPMENT_ASSET_PATHS = "\"Sprinkled/Preview Content\"";
				DEVELOPMENT_TEAM = LZFDNCMC92;
				ENABLE_PREVIEWS = YES;
				GENERATE_INFOPLIST_FILE = YES;
				INFOPLIST_KEY_UIApplicationSceneManifest_Generation = YES;
				INFOPLIST_KEY_UIApplicationSupportsIndirectInputEvents = YES;
				INFOPLIST_KEY_UILaunchScreen_Generation = YES;
				INFOPLIST_KEY_UISupportedInterfaceOrientations_iPad = "UIInterfaceOrientationPortrait UIInterfaceOrientationPortraitUpsideDown UIInterfaceOrientationLandscapeLeft UIInterfaceOrientationLandscapeRight";
				INFOPLIST_KEY_UISupportedInterfaceOrientations_iPhone = "UIInterfaceOrientationPortrait UIInterfaceOrientationLandscapeLeft UIInterfaceOrientationLandscapeRight";
				LD_RUNPATH_SEARCH_PATHS = (
					"$(inherited)",
					"@executable_path/Frameworks",
				);
				MARKETING_VERSION = 1.0;
				PRODUCT_BUNDLE_IDENTIFIER = cz.litvaluk.swift.ios.Sprinkled;
				PRODUCT_NAME = "$(TARGET_NAME)";
				SWIFT_EMIT_LOC_STRINGS = YES;
				SWIFT_VERSION = 5.0;
				TARGETED_DEVICE_FAMILY = "1,2";
			};
			name = Release;
		};
/* End XCBuildConfiguration section */

/* Begin XCConfigurationList section */
		8F48D20D284B741E00ACB809 /* Build configuration list for PBXProject "Sprinkled" */ = {
			isa = XCConfigurationList;
			buildConfigurations = (
				8F48D21E284B742300ACB809 /* Debug */,
				8F48D21F284B742300ACB809 /* Release */,
			);
			defaultConfigurationIsVisible = 0;
			defaultConfigurationName = Release;
		};
		8F48D220284B742300ACB809 /* Build configuration list for PBXNativeTarget "Sprinkled" */ = {
			isa = XCConfigurationList;
			buildConfigurations = (
				8F48D221284B742300ACB809 /* Debug */,
				8F48D222284B742300ACB809 /* Release */,
			);
			defaultConfigurationIsVisible = 0;
			defaultConfigurationName = Release;
		};
/* End XCConfigurationList section */

/* Begin XCRemoteSwiftPackageReference section */
		8F48D223284B8CBF00ACB809 /* XCRemoteSwiftPackageReference "firebase-ios-sdk" */ = {
			isa = XCRemoteSwiftPackageReference;
			repositoryURL = "https://github.com/firebase/firebase-ios-sdk";
			requirement = {
				kind = upToNextMajorVersion;
				minimumVersion = 9.0.0;
			};
		};
		8F48D239284BA5C500ACB809 /* XCRemoteSwiftPackageReference "firebase-ios-sdk" */ = {
			isa = XCRemoteSwiftPackageReference;
			repositoryURL = "https://github.com/firebase/firebase-ios-sdk";
			requirement = {
				branch = master;
				kind = branch;
			};
		};
/* End XCRemoteSwiftPackageReference section */

/* Begin XCSwiftPackageProductDependency section */
		8F48D224284B8CBF00ACB809 /* FirebaseAnalytics */ = {
			isa = XCSwiftPackageProductDependency;
			package = 8F48D223284B8CBF00ACB809 /* XCRemoteSwiftPackageReference "firebase-ios-sdk" */;
			productName = FirebaseAnalytics;
		};
		8F48D226284B8CBF00ACB809 /* FirebaseAuth */ = {
			isa = XCSwiftPackageProductDependency;
			package = 8F48D223284B8CBF00ACB809 /* XCRemoteSwiftPackageReference "firebase-ios-sdk" */;
			productName = FirebaseAuth;
		};
		8F48D228284B8CBF00ACB809 /* FirebaseFirestore */ = {
			isa = XCSwiftPackageProductDependency;
			package = 8F48D223284B8CBF00ACB809 /* XCRemoteSwiftPackageReference "firebase-ios-sdk" */;
			productName = FirebaseFirestore;
		};
		8F48D23A284BA5C500ACB809 /* FirebaseFirestoreSwift */ = {
			isa = XCSwiftPackageProductDependency;
			package = 8F48D239284BA5C500ACB809 /* XCRemoteSwiftPackageReference "firebase-ios-sdk" */;
			productName = FirebaseFirestoreSwift;
		};
/* End XCSwiftPackageProductDependency section */
	};
	rootObject = 8F48D20A284B741E00ACB809 /* Project object */;
}
